// !$*UTF8*$!
{
	archiveVersion = 1;
	classes = {
	};
	objectVersion = 50;
	objects = {

/* Begin PBXBuildFile section */
		0438B7CE263435BF0002741C /* AddRestaurantTableViewController.swift in Sources */ = {isa = PBXBuildFile; fileRef = 0438B7CD263435BE0002741C /* AddRestaurantTableViewController.swift */; };
		04689261262E0BD00010EC70 /* DetailViewController.swift in Sources */ = {isa = PBXBuildFile; fileRef = 04689260262E0BD00010EC70 /* DetailViewController.swift */; };
		04689265262EE55C0010EC70 /* Restaurant.swift in Sources */ = {isa = PBXBuildFile; fileRef = 04689264262EE55C0010EC70 /* Restaurant.swift */; };
		04689269262F1FF30010EC70 /* EateriDetailTableViewCell.swift in Sources */ = {isa = PBXBuildFile; fileRef = 04689268262F1FF30010EC70 /* EateriDetailTableViewCell.swift */; };
		0468927226307DEC0010EC70 /* RateViewController.swift in Sources */ = {isa = PBXBuildFile; fileRef = 0468927126307DEC0010EC70 /* RateViewController.swift */; };
		046892792631BCF90010EC70 /* MapViewController.swift in Sources */ = {isa = PBXBuildFile; fileRef = 046892782631BCF90010EC70 /* MapViewController.swift */; };
		04F8CB062624CF5C00E914CB /* AppDelegate.swift in Sources */ = {isa = PBXBuildFile; fileRef = 04F8CB052624CF5C00E914CB /* AppDelegate.swift */; };
		04F8CB082624CF5D00E914CB /* SceneDelegate.swift in Sources */ = {isa = PBXBuildFile; fileRef = 04F8CB072624CF5D00E914CB /* SceneDelegate.swift */; };
		04F8CB0D2624CF5D00E914CB /* Main.storyboard in Resources */ = {isa = PBXBuildFile; fileRef = 04F8CB0B2624CF5D00E914CB /* Main.storyboard */; };
		04F8CB0F2624CF6300E914CB /* Assets.xcassets in Resources */ = {isa = PBXBuildFile; fileRef = 04F8CB0E2624CF6300E914CB /* Assets.xcassets */; };
		04F8CB122624CF6300E914CB /* LaunchScreen.storyboard in Resources */ = {isa = PBXBuildFile; fileRef = 04F8CB102624CF6300E914CB /* LaunchScreen.storyboard */; };
		04F8CB1C2624D11900E914CB /* RestaurantsTableViewController.swift in Sources */ = {isa = PBXBuildFile; fileRef = 04F8CB1B2624D11900E914CB /* RestaurantsTableViewController.swift */; };
		04F8CB1F2629899900E914CB /* RestaurantTableViewCell.swift in Sources */ = {isa = PBXBuildFile; fileRef = 04F8CB1E2629899900E914CB /* RestaurantTableViewCell.swift */; };
/* End PBXBuildFile section */

/* Begin PBXFileReference section */
		0438B7CD263435BE0002741C /* AddRestaurantTableViewController.swift */ = {isa = PBXFileReference; lastKnownFileType = sourcecode.swift; path = AddRestaurantTableViewController.swift; sourceTree = "<group>"; };
		04689260262E0BD00010EC70 /* DetailViewController.swift */ = {isa = PBXFileReference; lastKnownFileType = sourcecode.swift; path = DetailViewController.swift; sourceTree = "<group>"; };
		04689264262EE55C0010EC70 /* Restaurant.swift */ = {isa = PBXFileReference; lastKnownFileType = sourcecode.swift; path = Restaurant.swift; sourceTree = "<group>"; };
		04689268262F1FF30010EC70 /* EateriDetailTableViewCell.swift */ = {isa = PBXFileReference; lastKnownFileType = sourcecode.swift; path = EateriDetailTableViewCell.swift; sourceTree = "<group>"; };
		0468927126307DEC0010EC70 /* RateViewController.swift */ = {isa = PBXFileReference; lastKnownFileType = sourcecode.swift; path = RateViewController.swift; sourceTree = "<group>"; };
		046892782631BCF90010EC70 /* MapViewController.swift */ = {isa = PBXFileReference; lastKnownFileType = sourcecode.swift; path = MapViewController.swift; sourceTree = "<group>"; };
		04F8CB022624CF5C00E914CB /* Restaurants.app */ = {isa = PBXFileReference; explicitFileType = wrapper.application; includeInIndex = 0; path = Restaurants.app; sourceTree = BUILT_PRODUCTS_DIR; };
		04F8CB052624CF5C00E914CB /* AppDelegate.swift */ = {isa = PBXFileReference; lastKnownFileType = sourcecode.swift; path = AppDelegate.swift; sourceTree = "<group>"; };
		04F8CB072624CF5D00E914CB /* SceneDelegate.swift */ = {isa = PBXFileReference; lastKnownFileType = sourcecode.swift; path = SceneDelegate.swift; sourceTree = "<group>"; };
		04F8CB0C2624CF5D00E914CB /* Base */ = {isa = PBXFileReference; lastKnownFileType = file.storyboard; name = Base; path = Base.lproj/Main.storyboard; sourceTree = "<group>"; };
		04F8CB0E2624CF6300E914CB /* Assets.xcassets */ = {isa = PBXFileReference; lastKnownFileType = folder.assetcatalog; path = Assets.xcassets; sourceTree = "<group>"; };
		04F8CB112624CF6300E914CB /* Base */ = {isa = PBXFileReference; lastKnownFileType = file.storyboard; name = Base; path = Base.lproj/LaunchScreen.storyboard; sourceTree = "<group>"; };
		04F8CB132624CF6300E914CB /* Info.plist */ = {isa = PBXFileReference; lastKnownFileType = text.plist.xml; path = Info.plist; sourceTree = "<group>"; };
		04F8CB1B2624D11900E914CB /* RestaurantsTableViewController.swift */ = {isa = PBXFileReference; lastKnownFileType = sourcecode.swift; path = RestaurantsTableViewController.swift; sourceTree = "<group>"; };
		04F8CB1E2629899900E914CB /* RestaurantTableViewCell.swift */ = {isa = PBXFileReference; lastKnownFileType = sourcecode.swift; path = RestaurantTableViewCell.swift; sourceTree = "<group>"; };
/* End PBXFileReference section */

/* Begin PBXFrameworksBuildPhase section */
		04F8CAFF2624CF5C00E914CB /* Frameworks */ = {
			isa = PBXFrameworksBuildPhase;
			buildActionMask = 2147483647;
			files = (
			);
			runOnlyForDeploymentPostprocessing = 0;
		};
/* End PBXFrameworksBuildPhase section */

/* Begin PBXGroup section */
		0468927426307E060010EC70 /* Detail */ = {
			isa = PBXGroup;
			children = (
				04689260262E0BD00010EC70 /* DetailViewController.swift */,
				04689268262F1FF30010EC70 /* EateriDetailTableViewCell.swift */,
			);
			path = Detail;
			sourceTree = "<group>";
		};
		0468927526307EB40010EC70 /* Model */ = {
			isa = PBXGroup;
			children = (
				04689264262EE55C0010EC70 /* Restaurant.swift */,
			);
			path = Model;
			sourceTree = "<group>";
		};
		04F8CAF92624CF5C00E914CB = {
			isa = PBXGroup;
			children = (
				04F8CB042624CF5C00E914CB /* Restaurants */,
				04F8CB032624CF5C00E914CB /* Products */,
			);
			sourceTree = "<group>";
		};
		04F8CB032624CF5C00E914CB /* Products */ = {
			isa = PBXGroup;
			children = (
				04F8CB022624CF5C00E914CB /* Restaurants.app */,
			);
			name = Products;
			sourceTree = "<group>";
		};
		04F8CB042624CF5C00E914CB /* Restaurants */ = {
			isa = PBXGroup;
			children = (
				04F8CB052624CF5C00E914CB /* AppDelegate.swift */,
				04F8CB072624CF5D00E914CB /* SceneDelegate.swift */,
				04F8CB0B2624CF5D00E914CB /* Main.storyboard */,
				0438B7CD263435BE0002741C /* AddRestaurantTableViewController.swift */,
				046892782631BCF90010EC70 /* MapViewController.swift */,
				04F8CB1E2629899900E914CB /* RestaurantTableViewCell.swift */,
				04F8CB1B2624D11900E914CB /* RestaurantsTableViewController.swift */,
				0468927126307DEC0010EC70 /* RateViewController.swift */,
				0468927526307EB40010EC70 /* Model */,
				0468927426307E060010EC70 /* Detail */,
				04F8CB0E2624CF6300E914CB /* Assets.xcassets */,
				04F8CB102624CF6300E914CB /* LaunchScreen.storyboard */,
				04F8CB132624CF6300E914CB /* Info.plist */,
			);
			path = Restaurants;
			sourceTree = "<group>";
		};
/* End PBXGroup section */

/* Begin PBXNativeTarget section */
		04F8CB012624CF5C00E914CB /* Restaurants */ = {
			isa = PBXNativeTarget;
			buildConfigurationList = 04F8CB162624CF6300E914CB /* Build configuration list for PBXNativeTarget "Restaurants" */;
			buildPhases = (
				04F8CAFE2624CF5C00E914CB /* Sources */,
				04F8CAFF2624CF5C00E914CB /* Frameworks */,
				04F8CB002624CF5C00E914CB /* Resources */,
			);
			buildRules = (
			);
			dependencies = (
			);
			name = Restaurants;
			productName = Restaurants;
			productReference = 04F8CB022624CF5C00E914CB /* Restaurants.app */;
			productType = "com.apple.product-type.application";
		};
/* End PBXNativeTarget section */

/* Begin PBXProject section */
		04F8CAFA2624CF5C00E914CB /* Project object */ = {
			isa = PBXProject;
			attributes = {
				LastSwiftUpdateCheck = 1240;
				LastUpgradeCheck = 1240;
				TargetAttributes = {
					04F8CB012624CF5C00E914CB = {
						CreatedOnToolsVersion = 12.4;
					};
				};
			};
			buildConfigurationList = 04F8CAFD2624CF5C00E914CB /* Build configuration list for PBXProject "Restaurants" */;
			compatibilityVersion = "Xcode 9.3";
			developmentRegion = en;
			hasScannedForEncodings = 0;
			knownRegions = (
				en,
				Base,
			);
			mainGroup = 04F8CAF92624CF5C00E914CB;
			productRefGroup = 04F8CB032624CF5C00E914CB /* Products */;
			projectDirPath = "";
			projectRoot = "";
			targets = (
				04F8CB012624CF5C00E914CB /* Restaurants */,
			);
		};
/* End PBXProject section */

/* Begin PBXResourcesBuildPhase section */
		04F8CB002624CF5C00E914CB /* Resources */ = {
			isa = PBXResourcesBuildPhase;
			buildActionMask = 2147483647;
			files = (
				04F8CB122624CF6300E914CB /* LaunchScreen.storyboard in Resources */,
				04F8CB0F2624CF6300E914CB /* Assets.xcassets in Resources */,
				04F8CB0D2624CF5D00E914CB /* Main.storyboard in Resources */,
			);
			runOnlyForDeploymentPostprocessing = 0;
		};
/* End PBXResourcesBuildPhase section */

/* Begin PBXSourcesBuildPhase section */
		04F8CAFE2624CF5C00E914CB /* Sources */ = {
			isa = PBXSourcesBuildPhase;
			buildActionMask = 2147483647;
			files = (
				0438B7CE263435BF0002741C /* AddRestaurantTableViewController.swift in Sources */,
				04F8CB1F2629899900E914CB /* RestaurantTableViewCell.swift in Sources */,
				04689269262F1FF30010EC70 /* EateriDetailTableViewCell.swift in Sources */,
				04F8CB062624CF5C00E914CB /* AppDelegate.swift in Sources */,
				04689261262E0BD00010EC70 /* DetailViewController.swift in Sources */,
				046892792631BCF90010EC70 /* MapViewController.swift in Sources */,
				04F8CB082624CF5D00E914CB /* SceneDelegate.swift in Sources */,
				04689265262EE55C0010EC70 /* Restaurant.swift in Sources */,
				0468927226307DEC0010EC70 /* RateViewController.swift in Sources */,
				04F8CB1C2624D11900E914CB /* RestaurantsTableViewController.swift in Sources */,
			);
			runOnlyForDeploymentPostprocessing = 0;
		};
/* End PBXSourcesBuildPhase section */

/* Begin PBXVariantGroup section */
		04F8CB0B2624CF5D00E914CB /* Main.storyboard */ = {
			isa = PBXVariantGroup;
			children = (
				04F8CB0C2624CF5D00E914CB /* Base */,
			);
			name = Main.storyboard;
			sourceTree = "<group>";
		};
		04F8CB102624CF6300E914CB /* LaunchScreen.storyboard */ = {
			isa = PBXVariantGroup;
			children = (
				04F8CB112624CF6300E914CB /* Base */,
			);
			name = LaunchScreen.storyboard;
			sourceTree = "<group>";
		};
/* End PBXVariantGroup section */

/* Begin XCBuildConfiguration section */
		04F8CB142624CF6300E914CB /* Debug */ = {
			isa = XCBuildConfiguration;
			buildSettings = {
				ALWAYS_SEARCH_USER_PATHS = NO;
				CLANG_ANALYZER_NONNULL = YES;
				CLANG_ANALYZER_NUMBER_OBJECT_CONVERSION = YES_AGGRESSIVE;
				CLANG_CXX_LANGUAGE_STANDARD = "gnu++14";
				CLANG_CXX_LIBRARY = "libc++";
				CLANG_ENABLE_MODULES = YES;
				CLANG_ENABLE_OBJC_ARC = YES;
				CLANG_ENABLE_OBJC_WEAK = YES;
				CLANG_WARN_BLOCK_CAPTURE_AUTORELEASING = YES;
				CLANG_WARN_BOOL_CONVERSION = YES;
				CLANG_WARN_COMMA = YES;
				CLANG_WARN_CONSTANT_CONVERSION = YES;
				CLANG_WARN_DEPRECATED_OBJC_IMPLEMENTATIONS = YES;
				CLANG_WARN_DIRECT_OBJC_ISA_USAGE = YES_ERROR;
				CLANG_WARN_DOCUMENTATION_COMMENTS = YES;
				CLANG_WARN_EMPTY_BODY = YES;
				CLANG_WARN_ENUM_CONVERSION = YES;
				CLANG_WARN_INFINITE_RECURSION = YES;
				CLANG_WARN_INT_CONVERSION = YES;
				CLANG_WARN_NON_LITERAL_NULL_CONVERSION = YES;
				CLANG_WARN_OBJC_IMPLICIT_RETAIN_SELF = YES;
				CLANG_WARN_OBJC_LITERAL_CONVERSION = YES;
				CLANG_WARN_OBJC_ROOT_CLASS = YES_ERROR;
				CLANG_WARN_QUOTED_INCLUDE_IN_FRAMEWORK_HEADER = YES;
				CLANG_WARN_RANGE_LOOP_ANALYSIS = YES;
				CLANG_WARN_STRICT_PROTOTYPES = YES;
				CLANG_WARN_SUSPICIOUS_MOVE = YES;
				CLANG_WARN_UNGUARDED_AVAILABILITY = YES_AGGRESSIVE;
				CLANG_WARN_UNREACHABLE_CODE = YES;
				CLANG_WARN__DUPLICATE_METHOD_MATCH = YES;
				COPY_PHASE_STRIP = NO;
				DEBUG_INFORMATION_FORMAT = dwarf;
				ENABLE_STRICT_OBJC_MSGSEND = YES;
				ENABLE_TESTABILITY = YES;
				GCC_C_LANGUAGE_STANDARD = gnu11;
				GCC_DYNAMIC_NO_PIC = NO;
				GCC_NO_COMMON_BLOCKS = YES;
				GCC_OPTIMIZATION_LEVEL = 0;
				GCC_PREPROCESSOR_DEFINITIONS = (
					"DEBUG=1",
					"$(inherited)",
				);
				GCC_WARN_64_TO_32_BIT_CONVERSION = YES;
				GCC_WARN_ABOUT_RETURN_TYPE = YES_ERROR;
				GCC_WARN_UNDECLARED_SELECTOR = YES;
				GCC_WARN_UNINITIALIZED_AUTOS = YES_AGGRESSIVE;
				GCC_WARN_UNUSED_FUNCTION = YES;
				GCC_WARN_UNUSED_VARIABLE = YES;
				IPHONEOS_DEPLOYMENT_TARGET = 14.4;
				MTL_ENABLE_DEBUG_INFO = INCLUDE_SOURCE;
				MTL_FAST_MATH = YES;
				ONLY_ACTIVE_ARCH = YES;
				SDKROOT = iphoneos;
				SWIFT_ACTIVE_COMPILATION_CONDITIONS = DEBUG;
				SWIFT_OPTIMIZATION_LEVEL = "-Onone";
			};
			name = Debug;
		};
		04F8CB152624CF6300E914CB /* Release */ = {
			isa = XCBuildConfiguration;
			buildSettings = {
				ALWAYS_SEARCH_USER_PATHS = NO;
				CLANG_ANALYZER_NONNULL = YES;
				CLANG_ANALYZER_NUMBER_OBJECT_CONVERSION = YES_AGGRESSIVE;
				CLANG_CXX_LANGUAGE_STANDARD = "gnu++14";
				CLANG_CXX_LIBRARY = "libc++";
				CLANG_ENABLE_MODULES = YES;
				CLANG_ENABLE_OBJC_ARC = YES;
				CLANG_ENABLE_OBJC_WEAK = YES;
				CLANG_WARN_BLOCK_CAPTURE_AUTORELEASING = YES;
				CLANG_WARN_BOOL_CONVERSION = YES;
				CLANG_WARN_COMMA = YES;
				CLANG_WARN_CONSTANT_CONVERSION = YES;
				CLANG_WARN_DEPRECATED_OBJC_IMPLEMENTATIONS = YES;
				CLANG_WARN_DIRECT_OBJC_ISA_USAGE = YES_ERROR;
				CLANG_WARN_DOCUMENTATION_COMMENTS = YES;
				CLANG_WARN_EMPTY_BODY = YES;
				CLANG_WARN_ENUM_CONVERSION = YES;
				CLANG_WARN_INFINITE_RECURSION = YES;
				CLANG_WARN_INT_CONVERSION = YES;
				CLANG_WARN_NON_LITERAL_NULL_CONVERSION = YES;
				CLANG_WARN_OBJC_IMPLICIT_RETAIN_SELF = YES;
				CLANG_WARN_OBJC_LITERAL_CONVERSION = YES;
				CLANG_WARN_OBJC_ROOT_CLASS = YES_ERROR;
				CLANG_WARN_QUOTED_INCLUDE_IN_FRAMEWORK_HEADER = YES;
				CLANG_WARN_RANGE_LOOP_ANALYSIS = YES;
				CLANG_WARN_STRICT_PROTOTYPES = YES;
				CLANG_WARN_SUSPICIOUS_MOVE = YES;
				CLANG_WARN_UNGUARDED_AVAILABILITY = YES_AGGRESSIVE;
				CLANG_WARN_UNREACHABLE_CODE = YES;
				CLANG_WARN__DUPLICATE_METHOD_MATCH = YES;
				COPY_PHASE_STRIP = NO;
				DEBUG_INFORMATION_FORMAT = "dwarf-with-dsym";
				ENABLE_NS_ASSERTIONS = NO;
				ENABLE_STRICT_OBJC_MSGSEND = YES;
				GCC_C_LANGUAGE_STANDARD = gnu11;
				GCC_NO_COMMON_BLOCKS = YES;
				GCC_WARN_64_TO_32_BIT_CONVERSION = YES;
				GCC_WARN_ABOUT_RETURN_TYPE = YES_ERROR;
				GCC_WARN_UNDECLARED_SELECTOR = YES;
				GCC_WARN_UNINITIALIZED_AUTOS = YES_AGGRESSIVE;
				GCC_WARN_UNUSED_FUNCTION = YES;
				GCC_WARN_UNUSED_VARIABLE = YES;
				IPHONEOS_DEPLOYMENT_TARGET = 14.4;
				MTL_ENABLE_DEBUG_INFO = NO;
				MTL_FAST_MATH = YES;
				SDKROOT = iphoneos;
				SWIFT_COMPILATION_MODE = wholemodule;
				SWIFT_OPTIMIZATION_LEVEL = "-O";
				VALIDATE_PRODUCT = YES;
			};
			name = Release;
		};
		04F8CB172624CF6300E914CB /* Debug */ = {
			isa = XCBuildConfiguration;
			buildSettings = {
				ASSETCATALOG_COMPILER_APPICON_NAME = AppIcon;
				ASSETCATALOG_COMPILER_GLOBAL_ACCENT_COLOR_NAME = AccentColor;
				CODE_SIGN_STYLE = Automatic;
				DEVELOPMENT_TEAM = QBSL8LLJ94;
				INFOPLIST_FILE = Restaurants/Info.plist;
				LD_RUNPATH_SEARCH_PATHS = (
					"$(inherited)",
					"@executable_path/Frameworks",
				);
				PRODUCT_BUNDLE_IDENTIFIER = kpfu.itis.Restaurants;
				PRODUCT_NAME = "$(TARGET_NAME)";
				SWIFT_VERSION = 5.0;
				TARGETED_DEVICE_FAMILY = "1,2";
			};
			name = Debug;
		};
		04F8CB182624CF6300E914CB /* Release */ = {
			isa = XCBuildConfiguration;
			buildSettings = {
				ASSETCATALOG_COMPILER_APPICON_NAME = AppIcon;
				ASSETCATALOG_COMPILER_GLOBAL_ACCENT_COLOR_NAME = AccentColor;
				CODE_SIGN_STYLE = Automatic;
				DEVELOPMENT_TEAM = QBSL8LLJ94;
				INFOPLIST_FILE = Restaurants/Info.plist;
				LD_RUNPATH_SEARCH_PATHS = (
					"$(inherited)",
					"@executable_path/Frameworks",
				);
				PRODUCT_BUNDLE_IDENTIFIER = kpfu.itis.Restaurants;
				PRODUCT_NAME = "$(TARGET_NAME)";
				SWIFT_VERSION = 5.0;
				TARGETED_DEVICE_FAMILY = "1,2";
			};
			name = Release;
		};
/* End XCBuildConfiguration section */

/* Begin XCConfigurationList section */
		04F8CAFD2624CF5C00E914CB /* Build configuration list for PBXProject "Restaurants" */ = {
			isa = XCConfigurationList;
			buildConfigurations = (
				04F8CB142624CF6300E914CB /* Debug */,
				04F8CB152624CF6300E914CB /* Release */,
			);
			defaultConfigurationIsVisible = 0;
			defaultConfigurationName = Release;
		};
		04F8CB162624CF6300E914CB /* Build configuration list for PBXNativeTarget "Restaurants" */ = {
			isa = XCConfigurationList;
			buildConfigurations = (
				04F8CB172624CF6300E914CB /* Debug */,
				04F8CB182624CF6300E914CB /* Release */,
			);
			defaultConfigurationIsVisible = 0;
			defaultConfigurationName = Release;
		};
/* End XCConfigurationList section */
	};
	rootObject = 04F8CAFA2624CF5C00E914CB /* Project object */;
}
